<?xml version="1.0" encoding="utf-8"?>
<Project ToolsVersion="4.0" xmlns="http://schemas.microsoft.com/developer/msbuild/2003">
  <ItemGroup>
    <Filter Include="源文件">
      <UniqueIdentifier>{4FC737F1-C7A5-4376-A066-2A32D752A2FF}</UniqueIdentifier>
      <Extensions>cpp;c;cc;cxx;def;odl;idl;hpj;bat;asm;asmx</Extensions>
    </Filter>
    <Filter Include="头文件">
      <UniqueIdentifier>{93995380-89BD-4b04-88EB-625FBE52EBFB}</UniqueIdentifier>
      <Extensions>h;hh;hpp;hxx;hm;inl;inc;xsd</Extensions>
    </Filter>
    <Filter Include="资源文件">
      <UniqueIdentifier>{67DA6AB6-F800-4c08-8B7A-83BB121AAD01}</UniqueIdentifier>
      <Extensions>rc;ico;cur;bmp;dlg;rc2;rct;bin;rgs;gif;jpg;jpeg;jpe;resx;tiff;tif;png;wav;mfcribbon-ms</Extensions>
    </Filter>
  </ItemGroup>
  <ItemGroup>
    <Text Include="ReadMe.txt" />
  </ItemGroup>
  <ItemGroup>
    <ClInclude Include="StudentScoreSystem.h">
      <Filter>头文件</Filter>
    </ClInclude>
    <ClInclude Include="stdafx.h">
      <Filter>头文件</Filter>
    </ClInclude>
    <ClInclude Include="targetver.h">
      <Filter>头文件</Filter>
    </ClInclude>
    <ClInclude Include="MainFrm.h">
      <Filter>头文件</Filter>
    </ClInclude>
    <ClInclude Include="StudentScoreSystemDoc.h">
      <Filter>头文件</Filter>
    </ClInclude>
    <ClInclude Include="StudentScoreSystemView.h">
      <Filter>头文件</Filter>
    </ClInclude>
    <ClInclude Include="Resource.h">
      <Filter>头文件</Filter>
    </ClInclude>
    <ClInclude Include="InfoFile.h">
      <Filter>头文件</Filter>
    </ClInclude>
    <ClInclude Include="LoginDlg.h">
      <Filter>头文件</Filter>
    </ClInclude>
    <ClInclude Include="SelectPart.h">
      <Filter>头文件</Filter>
    </ClInclude>
    <ClInclude Include="OperatePart.h">
      <Filter>头文件</Filter>
    </ClInclude>
    <ClInclude Include="UserDlg.h">
      <Filter>头文件</Filter>
    </ClInclude>
    <ClInclude Include="SysScore.h">
      <Filter>头文件</Filter>
    </ClInclude>
    <ClInclude Include="SysScoreManager.h">
      <Filter>头文件</Filter>
    </ClInclude>
    <ClInclude Include="SysScoreList.h">
      <Filter>头文件</Filter>
    </ClInclude>
    <ClInclude Include="SysBasicInfo.h">
      <Filter>头文件</Filter>
    </ClInclude>
    <ClInclude Include="SysTotal.h">
      <Filter>头文件</Filter>
    </ClInclude>
    <ClInclude Include="head.h">
      <Filter>头文件</Filter>
    </ClInclude>
    <ClInclude Include="SysBasicManager.h">
      <Filter>头文件</Filter>
    </ClInclude>
  </ItemGroup>
  <ItemGroup>
    <ClCompile Include="StudentScoreSystem.cpp">
      <Filter>源文件</Filter>
    </ClCompile>
    <ClCompile Include="stdafx.cpp">
      <Filter>源文件</Filter>
    </ClCompile>
    <ClCompile Include="MainFrm.cpp">
      <Filter>源文件</Filter>
    </ClCompile>
    <ClCompile Include="StudentScoreSystemDoc.cpp">
      <Filter>源文件</Filter>
    </ClCompile>
    <ClCompile Include="StudentScoreSystemView.cpp">
      <Filter>源文件</Filter>
    </ClCompile>
    <ClCompile Include="InfoFile.cpp">
      <Filter>源文件</Filter>
    </ClCompile>
    <ClCompile Include="LoginDlg.cpp">
      <Filter>源文件</Filter>
    </ClCompile>
    <ClCompile Include="SelectPart.cpp">
      <Filter>源文件</Filter>
    </ClCompile>
    <ClCompile Include="OperatePart.cpp">
      <Filter>源文件</Filter>
    </ClCompile>
    <ClCompile Include="UserDlg.cpp">
      <Filter>源文件</Filter>
    </ClCompile>
    <ClCompile Include="SysScore.cpp">
      <Filter>源文件</Filter>
    </ClCompile>
    <ClCompile Include="SysScoreManager.cpp">
      <Filter>源文件</Filter>
    </ClCompile>
    <ClCompile Include="SysScoreList.cpp">
      <Filter>源文件</Filter>
    </ClCompile>
    <ClCompile Include="SysBasicInfo.cpp">
      <Filter>源文件</Filter>
    </ClCompile>
    <ClCompile Include="SysTotal.cpp">
      <Filter>源文件</Filter>
    </ClCompile>
    <ClCompile Include="source.cpp">
      <Filter>源文件</Filter>
    </ClCompile>
    <ClCompile Include="SysBasicManager.cpp">
      <Filter>源文件</Filter>
    </ClCompile>
  </ItemGroup>
  <ItemGroup>
    <ResourceCompile Include="StudentScoreSystem.rc">
      <Filter>资源文件</Filter>
    </ResourceCompile>
  </ItemGroup>
  <ItemGroup>
    <None Include="res\StudentScoreSystem.rc2">
      <Filter>资源文件</Filter>
    </None>
    <None Include="ClassDiagram.cd" />
    <None Include="ClassDiagram1.cd" />
  </ItemGroup>
  <ItemGroup>
    <Image Include="res\StudentScoreSystemDoc.ico">
      <Filter>资源文件</Filter>
    </Image>
    <Image Include="res\StudentScoreSystem.ico">
      <Filter>资源文件</Filter>
    </Image>
    <Image Include="res\bitbug_favicon (1).ico">
      <Filter>资源文件</Filter>
    </Image>
    <Image Include="res\bitbug_favicon (2).ico">
      <Filter>资源文件</Filter>
    </Image>
    <Image Include="res\bitbug_favicon (3).ico">
      <Filter>资源文件</Filter>
    </Image>
    <Image Include="res\bitbug_favicon.ico">
      <Filter>资源文件</Filter>
    </Image>
  </ItemGroup>
</Project>